
Microsoft Visual Studio Solution File, Format Version 12.00
# Visual Studio Version 16
VisualStudioVersion = 16.0.31911.196
MinimumVisualStudioVersion = 10.0.40219.1
Project("{FAE04EC0-301F-11D3-BF4B-00C04F79EFBC}") = "MarsRover.Application", "MarsRover.Application\MarsRover.Application.csproj", "{5CB976E1-9061-413F-92A4-96D44F10D192}"
EndProject
Project("{FAE04EC0-301F-11D3-BF4B-00C04F79EFBC}") = "MarsRover.Business", "MarsRover.Business\MarsRover.Business.csproj", "{349E3557-D57B-467F-9EF4-DF71BCD89357}"
EndProject
Project("{FAE04EC0-301F-11D3-BF4B-00C04F79EFBC}") = "MarsRover.Test", "MarsRover.Test\MarsRover.Test.csproj", "{5EFA2559-5D73-4615-99CD-9FE0ED7BF5E3}"
EndProject
Global
	GlobalSection(SolutionConfigurationPlatforms) = preSolution
		Debug|Any CPU = Debug|Any CPU
		Release|Any CPU = Release|Any CPU
	EndGlobalSection
	GlobalSection(ProjectConfigurationPlatforms) = postSolution
		{5CB976E1-9061-413F-92A4-96D44F10D192}.Debug|Any CPU.ActiveCfg = Debug|Any CPU
		{5CB976E1-9061-413F-92A4-96D44F10D192}.Debug|Any CPU.Build.0 = Debug|Any CPU
		{5CB976E1-9061-413F-92A4-96D44F10D192}.Release|Any CPU.ActiveCfg = Release|Any CPU
		{5CB976E1-9061-413F-92A4-96D44F10D192}.Release|Any CPU.Build.0 = Release|Any CPU
		{349E3557-D57B-467F-9EF4-DF71BCD89357}.Debug|Any CPU.ActiveCfg = Debug|Any CPU
		{349E3557-D57B-467F-9EF4-DF71BCD89357}.Debug|Any CPU.Build.0 = Debug|Any CPU
		{349E3557-D57B-467F-9EF4-DF71BCD89357}.Release|Any CPU.ActiveCfg = Release|Any CPU
		{349E3557-D57B-467F-9EF4-DF71BCD89357}.Release|Any CPU.Build.0 = Release|Any CPU
		{5EFA2559-5D73-4615-99CD-9FE0ED7BF5E3}.Debug|Any CPU.ActiveCfg = Debug|Any CPU
		{5EFA2559-5D73-4615-99CD-9FE0ED7BF5E3}.Debug|Any CPU.Build.0 = Debug|Any CPU
		{5EFA2559-5D73-4615-99CD-9FE0ED7BF5E3}.Release|Any CPU.ActiveCfg = Release|Any CPU
		{5EFA2559-5D73-4615-99CD-9FE0ED7BF5E3}.Release|Any CPU.Build.0 = Release|Any CPU
	EndGlobalSection
	GlobalSection(SolutionProperties) = preSolution
		HideSolutionNode = FALSE
	EndGlobalSection
	GlobalSection(ExtensibilityGlobals) = postSolution
		SolutionGuid = {F14C7FF2-4BFD-4201-887D-AFBA684E9806}
	EndGlobalSection
EndGlobal
